
Microsoft Visual Studio Solution File, Format Version 12.00
# Visual Studio Version 17
VisualStudioVersion = 17.5.002.0
MinimumVisualStudioVersion = 10.0.40219.1
Project("{9A19103F-16F7-4668-BE54-9A1E7A4F7556}") = "exercicio2", "exercicio2.csproj", "{2A02B963-48A8-4621-972A-2994B4EC91B8}"
EndProject
Global
	GlobalSection(SolutionConfigurationPlatforms) = preSolution
		Debug|Any CPU = Debug|Any CPU
		Release|Any CPU = Release|Any CPU
	EndGlobalSection
	GlobalSection(ProjectConfigurationPlatforms) = postSolution
		{2A02B963-48A8-4621-972A-2994B4EC91B8}.Debug|Any CPU.ActiveCfg = Debug|Any CPU
		{2A02B963-48A8-4621-972A-2994B4EC91B8}.Debug|Any CPU.Build.0 = Debug|Any CPU
		{2A02B963-48A8-4621-972A-2994B4EC91B8}.Release|Any CPU.ActiveCfg = Release|Any CPU
		{2A02B963-48A8-4621-972A-2994B4EC91B8}.Release|Any CPU.Build.0 = Release|Any CPU
	EndGlobalSection
	GlobalSection(SolutionProperties) = preSolution
		HideSolutionNode = FALSE
	EndGlobalSection
	GlobalSection(ExtensibilityGlobals) = postSolution
		SolutionGuid = {57E9D862-EE94-463D-B987-1407A81A2CFD}
	EndGlobalSection
EndGlobal
