
Microsoft Visual Studio Solution File, Format Version 12.00
# Visual Studio Version 17
VisualStudioVersion = 17.5.002.0
MinimumVisualStudioVersion = 10.0.40219.1
Project("{9A19103F-16F7-4668-BE54-9A1E7A4F7556}") = "exercicio4", "exercicio4.csproj", "{77F9F7C7-AC2C-47A4-8EE6-0140535F00C4}"
EndProject
Global
	GlobalSection(SolutionConfigurationPlatforms) = preSolution
		Debug|Any CPU = Debug|Any CPU
		Release|Any CPU = Release|Any CPU
	EndGlobalSection
	GlobalSection(ProjectConfigurationPlatforms) = postSolution
		{77F9F7C7-AC2C-47A4-8EE6-0140535F00C4}.Debug|Any CPU.ActiveCfg = Debug|Any CPU
		{77F9F7C7-AC2C-47A4-8EE6-0140535F00C4}.Debug|Any CPU.Build.0 = Debug|Any CPU
		{77F9F7C7-AC2C-47A4-8EE6-0140535F00C4}.Release|Any CPU.ActiveCfg = Release|Any CPU
		{77F9F7C7-AC2C-47A4-8EE6-0140535F00C4}.Release|Any CPU.Build.0 = Release|Any CPU
	EndGlobalSection
	GlobalSection(SolutionProperties) = preSolution
		HideSolutionNode = FALSE
	EndGlobalSection
	GlobalSection(ExtensibilityGlobals) = postSolution
		SolutionGuid = {1E382AE5-953B-4CBA-862E-363A3B788E1B}
	EndGlobalSection
EndGlobal
