
Microsoft Visual Studio Solution File, Format Version 12.00
# Visual Studio Version 17
VisualStudioVersion = 17.5.002.0
MinimumVisualStudioVersion = 10.0.40219.1
Project("{9A19103F-16F7-4668-BE54-9A1E7A4F7556}") = "exercicio1", "exercicio1.csproj", "{AED91819-E71B-4DEE-A5DB-8B4B8F73790B}"
EndProject
Global
	GlobalSection(SolutionConfigurationPlatforms) = preSolution
		Debug|Any CPU = Debug|Any CPU
		Release|Any CPU = Release|Any CPU
	EndGlobalSection
	GlobalSection(ProjectConfigurationPlatforms) = postSolution
		{AED91819-E71B-4DEE-A5DB-8B4B8F73790B}.Debug|Any CPU.ActiveCfg = Debug|Any CPU
		{AED91819-E71B-4DEE-A5DB-8B4B8F73790B}.Debug|Any CPU.Build.0 = Debug|Any CPU
		{AED91819-E71B-4DEE-A5DB-8B4B8F73790B}.Release|Any CPU.ActiveCfg = Release|Any CPU
		{AED91819-E71B-4DEE-A5DB-8B4B8F73790B}.Release|Any CPU.Build.0 = Release|Any CPU
	EndGlobalSection
	GlobalSection(SolutionProperties) = preSolution
		HideSolutionNode = FALSE
	EndGlobalSection
	GlobalSection(ExtensibilityGlobals) = postSolution
		SolutionGuid = {00CA6409-CB7A-4BB3-AB3D-B9F3A2ACD457}
	EndGlobalSection
EndGlobal
