
Microsoft Visual Studio Solution File, Format Version 12.00
# Visual Studio Version 17
VisualStudioVersion = 17.5.002.0
MinimumVisualStudioVersion = 10.0.40219.1
Project("{9A19103F-16F7-4668-BE54-9A1E7A4F7556}") = "exercicio2", "exercicio2.csproj", "{2D5FBE18-F328-4DFC-8B64-219E57F55D6B}"
EndProject
Global
	GlobalSection(SolutionConfigurationPlatforms) = preSolution
		Debug|Any CPU = Debug|Any CPU
		Release|Any CPU = Release|Any CPU
	EndGlobalSection
	GlobalSection(ProjectConfigurationPlatforms) = postSolution
		{2D5FBE18-F328-4DFC-8B64-219E57F55D6B}.Debug|Any CPU.ActiveCfg = Debug|Any CPU
		{2D5FBE18-F328-4DFC-8B64-219E57F55D6B}.Debug|Any CPU.Build.0 = Debug|Any CPU
		{2D5FBE18-F328-4DFC-8B64-219E57F55D6B}.Release|Any CPU.ActiveCfg = Release|Any CPU
		{2D5FBE18-F328-4DFC-8B64-219E57F55D6B}.Release|Any CPU.Build.0 = Release|Any CPU
	EndGlobalSection
	GlobalSection(SolutionProperties) = preSolution
		HideSolutionNode = FALSE
	EndGlobalSection
	GlobalSection(ExtensibilityGlobals) = postSolution
		SolutionGuid = {D7C19C69-AD3A-4C45-8245-54A3B9CA9C2D}
	EndGlobalSection
EndGlobal
